{
  "name": "testnpm",
  "version": "1.0.0",
  "lockfileVersion": 2,
  "requires": true,
  "packages": {
    "": {
      "name": "testnpm",
      "version": "1.0.0",
      "license": "ISC",
      "dependencies": {
        "@xes/xueyan-tools": "^0.0.1"
      }
    },
    "node_modules/@babel/helper-validator-identifier": {
      "version": "7.16.7",
      "resolved": "http://npm.xesv5.com/@babel%2fhelper-validator-identifier/-/helper-validator-identifier-7.16.7.tgz",
      "integrity": "sha512-hsEnFemeiW4D08A5gUAZxLBTXpZ39P+a+DGDsHw1yxqyQ/jzFEnxf5uTEGp+3bzAbNOxU1paTgYS4ECU/IgfDw==",
      "license": "MIT",
      "engines": {
        "node": ">=6.9.0"
      }
    },
    "node_modules/@babel/parser": {
      "version": "7.16.10",
      "resolved": "http://npm.xesv5.com/@babel%2fparser/-/parser-7.16.10.tgz",
      "integrity": "sha512-Sm/S9Or6nN8uiFsQU1yodyDW3MWXQhFeqzMPM+t8MJjM+pLsnFVxFZzkpXKvUXh+Gz9cbMoYYs484+Jw/NTEFQ==",
      "license": "MIT",
      "bin": {
        "parser": "bin/babel-parser.js"
      },
      "engines": {
        "node": ">=6.0.0"
      }
    },
    "node_modules/@babel/types": {
      "version": "7.16.8",
      "resolved": "http://npm.xesv5.com/@babel%2ftypes/-/types-7.16.8.tgz",
      "integrity": "sha512-smN2DQc5s4M7fntyjGtyIPbRJv6wW4rU/94fmYJ7PKQuZkC0qGMHXJbg6sNGt12JmVr4k5YaptI/XtiLJBnmIg==",
      "license": "MIT",
      "dependencies": {
        "@babel/helper-validator-identifier": "^7.16.7",
        "to-fast-properties": "^2.0.0"
      },
      "engines": {
        "node": ">=6.9.0"
      }
    },
    "node_modules/@types/babel__core": {
      "version": "7.1.18",
      "resolved": "http://npm.xesv5.com/@types%2fbabel__core/-/babel__core-7.1.18.tgz",
      "integrity": "sha512-S7unDjm/C7z2A2R9NzfKCK1I+BAALDtxEmsJBwlB3EzNfb929ykjL++1CK9LO++EIp2fQrC8O+BwjKvz6UeDyQ==",
      "license": "MIT",
      "dependencies": {
        "@babel/parser": "^7.1.0",
        "@babel/types": "^7.0.0",
        "@types/babel__generator": "*",
        "@types/babel__template": "*",
        "@types/babel__traverse": "*"
      }
    },
    "node_modules/@types/babel__generator": {
      "version": "7.6.4",
      "resolved": "http://npm.xesv5.com/@types%2fbabel__generator/-/babel__generator-7.6.4.tgz",
      "integrity": "sha512-tFkciB9j2K755yrTALxD44McOrk+gfpIpvC3sxHjRawj6PfnQxrse4Clq5y/Rq+G3mrBurMax/lG8Qn2t9mSsg==",
      "license": "MIT",
      "dependencies": {
        "@babel/types": "^7.0.0"
      }
    },
    "node_modules/@types/babel__template": {
      "version": "7.4.1",
      "resolved": "http://npm.xesv5.com/@types%2fbabel__template/-/babel__template-7.4.1.tgz",
      "integrity": "sha1-PRpI/Z1sDt/Vby/1eNrtSPNsiWk=",
      "license": "MIT",
      "dependencies": {
        "@babel/parser": "^7.1.0",
        "@babel/types": "^7.0.0"
      }
    },
    "node_modules/@types/babel__traverse": {
      "version": "7.14.2",
      "resolved": "http://npm.xesv5.com/@types%2fbabel__traverse/-/babel__traverse-7.14.2.tgz",
      "integrity": "sha1-/81HC7s/i/MEgWePtVAieMqDOkM=",
      "license": "MIT",
      "dependencies": {
        "@babel/types": "^7.3.0"
      }
    },
    "node_modules/@xes/xueyan-tools": {
      "version": "0.0.1",
      "resolved": "http://npm.xesv5.com/@xes%2fxueyan-tools/-/xueyan-tools-0.0.1.tgz",
      "integrity": "sha512-O0Wl40WYU1ock0Cz/Qh1Uu8e1K8CQJ/TUWrrOEcB9L+tVow7xosDmcRYUFjj6sj7cpdcoQlaqfedAn8VM3UENQ==",
      "license": "ISC",
      "dependencies": {
        "@types/babel__core": "^7.1.17"
      }
    },
    "node_modules/to-fast-properties": {
      "version": "2.0.0",
      "resolved": "https://registry.npmmirror.com/to-fast-properties/download/to-fast-properties-2.0.0.tgz",
      "integrity": "sha1-3F5pjL0HkmW8c+A3doGk5Og/YW4=",
      "engines": {
        "node": ">=4"
      }
    }
  },
  "dependencies": {
    "@babel/helper-validator-identifier": {
      "version": "7.16.7",
      "resolved": "http://npm.xesv5.com/@babel%2fhelper-validator-identifier/-/helper-validator-identifier-7.16.7.tgz",
      "integrity": "sha512-hsEnFemeiW4D08A5gUAZxLBTXpZ39P+a+DGDsHw1yxqyQ/jzFEnxf5uTEGp+3bzAbNOxU1paTgYS4ECU/IgfDw=="
    },
    "@babel/parser": {
      "version": "7.16.10",
      "resolved": "http://npm.xesv5.com/@babel%2fparser/-/parser-7.16.10.tgz",
      "integrity": "sha512-Sm/S9Or6nN8uiFsQU1yodyDW3MWXQhFeqzMPM+t8MJjM+pLsnFVxFZzkpXKvUXh+Gz9cbMoYYs484+Jw/NTEFQ=="
    },
    "@babel/types": {
      "version": "7.16.8",
      "resolved": "http://npm.xesv5.com/@babel%2ftypes/-/types-7.16.8.tgz",
      "integrity": "sha512-smN2DQc5s4M7fntyjGtyIPbRJv6wW4rU/94fmYJ7PKQuZkC0qGMHXJbg6sNGt12JmVr4k5YaptI/XtiLJBnmIg==",
      "requires": {
        "@babel/helper-validator-identifier": "^7.16.7",
        "to-fast-properties": "^2.0.0"
      }
    },
    "@types/babel__core": {
      "version": "7.1.18",
      "resolved": "http://npm.xesv5.com/@types%2fbabel__core/-/babel__core-7.1.18.tgz",
      "integrity": "sha512-S7unDjm/C7z2A2R9NzfKCK1I+BAALDtxEmsJBwlB3EzNfb929ykjL++1CK9LO++EIp2fQrC8O+BwjKvz6UeDyQ==",
      "requires": {
        "@babel/parser": "^7.1.0",
        "@babel/types": "^7.0.0",
        "@types/babel__generator": "*",
        "@types/babel__template": "*",
        "@types/babel__traverse": "*"
      }
    },
    "@types/babel__generator": {
      "version": "7.6.4",
      "resolved": "http://npm.xesv5.com/@types%2fbabel__generator/-/babel__generator-7.6.4.tgz",
      "integrity": "sha512-tFkciB9j2K755yrTALxD44McOrk+gfpIpvC3sxHjRawj6PfnQxrse4Clq5y/Rq+G3mrBurMax/lG8Qn2t9mSsg==",
      "requires": {
        "@babel/types": "^7.0.0"
      }
    },
    "@types/babel__template": {
      "version": "7.4.1",
      "resolved": "http://npm.xesv5.com/@types%2fbabel__template/-/babel__template-7.4.1.tgz",
      "integrity": "sha1-PRpI/Z1sDt/Vby/1eNrtSPNsiWk=",
      "requires": {
        "@babel/parser": "^7.1.0",
        "@babel/types": "^7.0.0"
      }
    },
    "@types/babel__traverse": {
      "version": "7.14.2",
      "resolved": "http://npm.xesv5.com/@types%2fbabel__traverse/-/babel__traverse-7.14.2.tgz",
      "integrity": "sha1-/81HC7s/i/MEgWePtVAieMqDOkM=",
      "requires": {
        "@babel/types": "^7.3.0"
      }
    },
    "@xes/xueyan-tools": {
      "version": "0.0.1",
      "resolved": "http://npm.xesv5.com/@xes%2fxueyan-tools/-/xueyan-tools-0.0.1.tgz",
      "integrity": "sha512-O0Wl40WYU1ock0Cz/Qh1Uu8e1K8CQJ/TUWrrOEcB9L+tVow7xosDmcRYUFjj6sj7cpdcoQlaqfedAn8VM3UENQ==",
      "requires": {
        "@types/babel__core": "^7.1.17"
      }
    },
    "to-fast-properties": {
      "version": "2.0.0",
      "resolved": "https://registry.npmmirror.com/to-fast-properties/download/to-fast-properties-2.0.0.tgz",
      "integrity": "sha1-3F5pjL0HkmW8c+A3doGk5Og/YW4="
    }
  }
}
