{
  "requires": true,
  "lockfileVersion": 1,
  "dependencies": {
    "@xes/xes_fe_log": {
      "version": "2.1.1",
      "resolved": "http://npm.xesv5.com/@xes%2fxes_fe_log/-/xes_fe_log-2.1.1.tgz",
      "integrity": "sha512-eZbmt2PmtOiMKzDIQF90DYeNKSah+UUCIHzbA+oxdpAuGNjuJCPMtgLBpOluwK4s7DJ8wSFkpO2uZ7e7lHcnkA==",
      "dev": true
    }
  }
}
